
Microsoft Visual Studio Solution File, Format Version 12.00
# Visual Studio Version 16
VisualStudioVersion = 16.0.29306.81
MinimumVisualStudioVersion = 10.0.40219.1
Project("{FAE04EC0-301F-11D3-BF4B-00C04F79EFBC}") = "MSMSProject", "MSMSProject\MSMSProject.csproj", "{10D1894B-FCAD-44AF-AFBB-BCF53D7EEAA3}"
EndProject
Project("{FAE04EC0-301F-11D3-BF4B-00C04F79EFBC}") = "MSMSProject.Tests", "MSMSProject.Tests\MSMSProject.Tests.csproj", "{2C963B21-0E0B-4ED1-917F-5FFF6C0D43DF}"
EndProject
Global
	GlobalSection(SolutionConfigurationPlatforms) = preSolution
		Debug|Any CPU = Debug|Any CPU
		Release|Any CPU = Release|Any CPU
	EndGlobalSection
	GlobalSection(ProjectConfigurationPlatforms) = postSolution
		{10D1894B-FCAD-44AF-AFBB-BCF53D7EEAA3}.Debug|Any CPU.ActiveCfg = Debug|Any CPU
		{10D1894B-FCAD-44AF-AFBB-BCF53D7EEAA3}.Debug|Any CPU.Build.0 = Debug|Any CPU
		{10D1894B-FCAD-44AF-AFBB-BCF53D7EEAA3}.Release|Any CPU.ActiveCfg = Release|Any CPU
		{10D1894B-FCAD-44AF-AFBB-BCF53D7EEAA3}.Release|Any CPU.Build.0 = Release|Any CPU
		{2C963B21-0E0B-4ED1-917F-5FFF6C0D43DF}.Debug|Any CPU.ActiveCfg = Debug|Any CPU
		{2C963B21-0E0B-4ED1-917F-5FFF6C0D43DF}.Debug|Any CPU.Build.0 = Debug|Any CPU
		{2C963B21-0E0B-4ED1-917F-5FFF6C0D43DF}.Release|Any CPU.ActiveCfg = Release|Any CPU
		{2C963B21-0E0B-4ED1-917F-5FFF6C0D43DF}.Release|Any CPU.Build.0 = Release|Any CPU
	EndGlobalSection
	GlobalSection(SolutionProperties) = preSolution
		HideSolutionNode = FALSE
	EndGlobalSection
	GlobalSection(ExtensibilityGlobals) = postSolution
		SolutionGuid = {21565D85-56F0-40FF-AC64-E4FA4E33F055}
	EndGlobalSection
EndGlobal
